github.com/google/uuid v1.3.0 h1:t6JiXgmwXMjEs8VusXIJk2BXHsn+wx8BZdTaoZ5fu7I=
github.com/kelseyhightower/envconfig v1.4.0 h1:Im6hONhd3pLkfDFsbRgu68RDNkGF1r3dvMUtDTo2cv8=
github.com/kelseyhightower/envconfig v1.4.0/go.mod h1:cccZRl6mQpaq41TPp5QxidR+Sa3axMbJDNb//FQX6Gg=
github.com/vmware/govmomi v0.30.4 h1:BCKLoTmiBYRuplv3GxKEMBLtBaJm8PA56vo9bddIpYQ=
github.com/vmware/govmomi v0.30.4/go.mod h1:F7adsVewLNHsW/IIm7ziFURaXDaHEwcc+ym4r3INMdY=
